lockfileVersion: '9.0'

settings:
  autoInstallPeers: true
  excludeLinksFromLockfile: false

importers:

  .:
    dependencies:
      dompurify:
        specifier: ^3.4.1
        version: 3.4.1
      marked:
        specifier: ^18.0.2
        version: 18.0.2
    devDependencies:
      '@types/dompurify':
        specifier: ^3.2.0
        version: 3.2.0

packages:

  '@types/dompurify@3.2.0':
    resolution: {integrity: sha512-Fgg31wv9QbLDA0SpTOXO3MaxySc4DKGLi8sna4/Utjo4r3ZRPdCt4UQee8BWr+Q5z21yifghREPJGYaEOEIACg==}
    deprecated: This is a stub types definition. dompurify provides its own type definitions, so you do not need this installed.

  '@types/trusted-types@2.0.7':
    resolution: {integrity: sha512-ScaPdn1dQczgbl0QFTeTOmVHFULt394XJgOQNoyVhZ6r2vLnMLJfBPd53SB52T/3G36VI1/g2MZaX0cwDuXsfw==}

  dompurify@3.4.1:
    resolution: {integrity: sha512-JahakDAIg1gyOm7dlgWSDjV4n7Ip2PKR55NIT6jrMfIgLFgWo81vdr1/QGqWtFNRqXP9UV71oVePtjqS2ebnPw==}

  marked@18.0.2:
    resolution: {integrity: sha512-NsmlUYBS/Zg57rgDWMYdnre6OTj4e+qq/JS2ot3KrYLSoHLw+sDu0Nm1ZGpRgYAq6c+b1ekaY5NzVchMCQnzcg==}
    engines: {node: '>= 20'}
    hasBin: true

snapshots:

  '@types/dompurify@3.2.0':
    dependencies:
      dompurify: 3.4.1

  '@types/trusted-types@2.0.7':
    optional: true

  dompurify@3.4.1:
    optionalDependencies:
      '@types/trusted-types': 2.0.7

  marked@18.0.2: {}
